version = 1
revision = 3
requires-python = ">=3.12"

[[package]]
name = "fcppm"
version = "0.2.4"
source = { registry = "https://gitea.insleker.org/api/packages/inkr_org/pypi/simple/" }
sdist = { url = "https://gitea.insleker.org/api/packages/inkr_org/pypi/files/fcppm/0.2.4/fcppm-0.2.4.tar.gz", hash = "sha256:2fa03761fde2512bdbc34d5fe666a5df19d8cf7b27fcac2c74ea2347ebc47b4a" }
wheels = [
    { url = "https://gitea.insleker.org/api/packages/inkr_org/pypi/files/fcppm/0.2.4/fcppm-0.2.4-py3-none-any.whl", hash = "sha256:edb55e7a2f244376d317e54ac22b7fd2ed0dd60669e26a84a16c2ff4617df7ca" },
]

[[package]]
name = "freecad-a2plus"
version = "0.4.68"
source = { registry = "https://gitea.insleker.org/api/packages/inkr_org/pypi/simple/" }
sdist = { url = "https://gitea.insleker.org/api/packages/inkr_org/pypi/files/freecad-a2plus/0.4.68/freecad_a2plus-0.4.68.tar.gz", hash = "sha256:7149d41b437e4d45a4998ec81f3efa44f86ddd71ecfc6209d4983369ea86c71b" }
wheels = [
    { url = "https://gitea.insleker.org/api/packages/inkr_org/pypi/files/freecad-a2plus/0.4.68/freecad_a2plus-0.4.68-py3-none-any.whl", hash = "sha256:44d900f07423b72c2d0c949a0b0d884a37866f532d7151f670e6a10a38f2a471" },
]

[[package]]
name = "freecad-fasteners"
version = "0.5.67"
source = { registry = "https://gitea.insleker.org/api/packages/inkr_org/pypi/simple/" }
sdist = { url = "https://gitea.insleker.org/api/packages/inkr_org/pypi/files/freecad-fasteners/0.5.67/freecad_fasteners-0.5.67.tar.gz", hash = "sha256:2aa17fb156783d34bd94f464f830d6dcac509109c61e33612cadc8161861cfe4" }
wheels = [
    { url = "https://gitea.insleker.org/api/packages/inkr_org/pypi/files/freecad-fasteners/0.5.67/freecad_fasteners-0.5.67-py3-none-any.whl", hash = "sha256:a2f90dd24421f16f66be777f6c4f0ab8781e70fcd841e62ee1aad115b91ce420" },
]

[[package]]
name = "freecad-honeycomb"
version = "0.2024.8.27"
source = { registry = "https://gitea.insleker.org/api/packages/inkr_org/pypi/simple/" }
dependencies = [
    { name = "fcppm" },
]
sdist = { url = "https://gitea.insleker.org/api/packages/inkr_org/pypi/files/freecad-honeycomb/0.2024.8.27/freecad_honeycomb-0.2024.8.27.tar.gz", hash = "sha256:9367794700bf4a724b52d1612f99b822ce4da0481a0caea88905f3fae44c8d67" }
wheels = [
    { url = "https://gitea.insleker.org/api/packages/inkr_org/pypi/files/freecad-honeycomb/0.2024.8.27/freecad_honeycomb-0.2024.8.27-py3-none-any.whl", hash = "sha256:d778c09893262730ede6e9922f067b71456ca34dc408031080fd7fbdb6f12bbe" },
]

[[package]]
name = "lumenpnp"
version = "4.1.0.post1"
source = { editable = "." }
dependencies = [
    { name = "freecad-a2plus" },
    { name = "freecad-fasteners" },
    { name = "freecad-honeycomb" },
]

[package.dev-dependencies]
dev = [
    { name = "fcppm" },
]

[package.metadata]
requires-dist = [
    { name = "freecad-a2plus", specifier = "==0.4.68" },
    { name = "freecad-fasteners", specifier = "==0.5.67" },
    { name = "freecad-honeycomb", specifier = "==0.2024.8.27" },
]

[package.metadata.requires-dev]
dev = [{ name = "fcppm", specifier = ">=0.2.4" }]
